
Microsoft Visual Studio Solution File, Format Version 12.00
# Visual Studio Version 16
VisualStudioVersion = 16.0.30011.22
MinimumVisualStudioVersion = 10.0.40219.1
Project("{FAE04EC0-301F-11D3-BF4B-00C04F79EFBC}") = "AmiiboScanner", "AmiiboScanner\AmiiboScanner.csproj", "{F62D98A3-67A4-454C-A7D0-FDDB1A72297F}"
EndProject
Global
	GlobalSection(SolutionConfigurationPlatforms) = preSolution
		Debug|Any CPU = Debug|Any CPU
		Release|Any CPU = Release|Any CPU
	EndGlobalSection
	GlobalSection(ProjectConfigurationPlatforms) = postSolution
		{F62D98A3-67A4-454C-A7D0-FDDB1A72297F}.Debug|Any CPU.ActiveCfg = Debug|Any CPU
		{F62D98A3-67A4-454C-A7D0-FDDB1A72297F}.Debug|Any CPU.Build.0 = Debug|Any CPU
		{F62D98A3-67A4-454C-A7D0-FDDB1A72297F}.Release|Any CPU.ActiveCfg = Release|Any CPU
		{F62D98A3-67A4-454C-A7D0-FDDB1A72297F}.Release|Any CPU.Build.0 = Release|Any CPU
	EndGlobalSection
	GlobalSection(SolutionProperties) = preSolution
		HideSolutionNode = FALSE
	EndGlobalSection
	GlobalSection(ExtensibilityGlobals) = postSolution
		SolutionGuid = {380ED89B-A8BC-4E6E-B48B-8AA6AACB74DC}
	EndGlobalSection
EndGlobal
